// !$*UTF8*$!
{
	archiveVersion = 1;
	classes = {
	};
	objectVersion = 56;
	objects = {

/* Begin PBXBuildFile section */
		2D31EF812959728B006BECB8 /* CommonUtil.m in Sources */ = {isa = PBXBuildFile; fileRef = 2D31EF802959728B006BECB8 /* CommonUtil.m */; };
		2D31EF832959950B006BECB8 /* 131.aac in Resources */ = {isa = PBXBuildFile; fileRef = 2D31EF8229597385006BECB8 /* 131.aac */; };
		2D31EF87295A1724006BECB8 /* libavcodec.a in Frameworks */ = {isa = PBXBuildFile; fileRef = 2D31EF86295A1724006BECB8 /* libavcodec.a */; };
		2D410CFE28F272B9009593AE /* AppDelegate.m in Sources */ = {isa = PBXBuildFile; fileRef = 2D410CFD28F272B9009593AE /* AppDelegate.m */; };
		2D410D0428F272B9009593AE /* ViewController.mm in Sources */ = {isa = PBXBuildFile; fileRef = 2D410D0328F272B9009593AE /* ViewController.mm */; };
		2D410D0928F272B9009593AE /* Assets.xcassets in Resources */ = {isa = PBXBuildFile; fileRef = 2D410D0828F272B9009593AE /* Assets.xcassets */; };
		2D410D0C28F272B9009593AE /* LaunchScreen.storyboard in Resources */ = {isa = PBXBuildFile; fileRef = 2D410D0A28F272B9009593AE /* LaunchScreen.storyboard */; };
		2D410D0F28F272B9009593AE /* main.m in Sources */ = {isa = PBXBuildFile; fileRef = 2D410D0E28F272B9009593AE /* main.m */; };
		2D4B529B296076AA004A4014 /* AudioPlayer.mm in Sources */ = {isa = PBXBuildFile; fileRef = 2D4B529A296076AA004A4014 /* AudioPlayer.mm */; };
		2D4E769929629C1F00BA76A8 /* AVFoundation.framework in Frameworks */ = {isa = PBXBuildFile; fileRef = 2D4E769829629C1F00BA76A8 /* AVFoundation.framework */; };
		2DC8E9B2294CAF2E0015FC49 /* 16k16bit.pcm in Resources */ = {isa = PBXBuildFile; fileRef = 2DC8E9B1294CAF2E0015FC49 /* 16k16bit.pcm */; };
		2DD0D0D5295C6B9D0034C2EE /* big_buck_bunny.mp4 in Resources */ = {isa = PBXBuildFile; fileRef = 2DD0D0D4295C6B9D0034C2EE /* big_buck_bunny.mp4 */; };
		2DD0D0D7295C83120034C2EE /* test.flv in Resources */ = {isa = PBXBuildFile; fileRef = 2DD0D0D6295C83120034C2EE /* test.flv */; };
		2DD1786A2951DDC70057B9BC /* AudioToolbox.framework in Frameworks */ = {isa = PBXBuildFile; fileRef = 2DD178692951DDC70057B9BC /* AudioToolbox.framework */; };
		2DD1786C2951DDD40057B9BC /* VideoToolbox.framework in Frameworks */ = {isa = PBXBuildFile; fileRef = 2DD1786B2951DDD40057B9BC /* VideoToolbox.framework */; };
		2DD179452951ED540057B9BC /* libz.tbd in Frameworks */ = {isa = PBXBuildFile; fileRef = 2DD179442951ED540057B9BC /* libz.tbd */; };
		2DD179472951ED610057B9BC /* libbz2.tbd in Frameworks */ = {isa = PBXBuildFile; fileRef = 2DD179462951ED610057B9BC /* libbz2.tbd */; };
		2DD179492951ED690057B9BC /* libiconv.tbd in Frameworks */ = {isa = PBXBuildFile; fileRef = 2DD179482951ED690057B9BC /* libiconv.tbd */; };
		2DD179F42951F7E60057B9BC /* CoreMedia.framework in Frameworks */ = {isa = PBXBuildFile; fileRef = 2DD179F32951F7E60057B9BC /* CoreMedia.framework */; };
		2DD17A812951F8290057B9BC /* libavutil.a in Frameworks */ = {isa = PBXBuildFile; fileRef = 2DD17A7A2951F8290057B9BC /* libavutil.a */; };
		2DD17A822951F8290057B9BC /* libavfilter.a in Frameworks */ = {isa = PBXBuildFile; fileRef = 2DD17A7B2951F8290057B9BC /* libavfilter.a */; };
		2DD17A842951F8290057B9BC /* libavformat.a in Frameworks */ = {isa = PBXBuildFile; fileRef = 2DD17A7D2951F8290057B9BC /* libavformat.a */; };
		2DD17A852951F8290057B9BC /* libavdevice.a in Frameworks */ = {isa = PBXBuildFile; fileRef = 2DD17A7E2951F8290057B9BC /* libavdevice.a */; };
		2DD17A862951F8290057B9BC /* libswresample.a in Frameworks */ = {isa = PBXBuildFile; fileRef = 2DD17A7F2951F8290057B9BC /* libswresample.a */; };
		2DD17A872951F8290057B9BC /* libswscale.a in Frameworks */ = {isa = PBXBuildFile; fileRef = 2DD17A802951F8290057B9BC /* libswscale.a */; };
		2DFECBF52958AAB6002808A6 /* AVDecoder.cpp in Sources */ = {isa = PBXBuildFile; fileRef = 2DFECBF32958AAB6002808A6 /* AVDecoder.cpp */; };
		85B714CE9621B815238340DF /* Pods_MyTestTests.framework in Frameworks */ = {isa = PBXBuildFile; fileRef = B46FE3EDEA7D1BF018649D9D /* Pods_MyTestTests.framework */; };
		BE7700DAF9F45B030D248B73 /* Pods_MyTest.framework in Frameworks */ = {isa = PBXBuildFile; fileRef = AE4739BDEA7FCC215F2F2546 /* Pods_MyTest.framework */; };
		EA8F9C302F7276073C79D86C /* Pods_MyTest_MyTestUITests.framework in Frameworks */ = {isa = PBXBuildFile; fileRef = 5A7EA6552B2451F2BA9B2422 /* Pods_MyTest_MyTestUITests.framework */; };
/* End PBXBuildFile section */

/* Begin PBXContainerItemProxy section */
		2D410D1528F272B9009593AE /* PBXContainerItemProxy */ = {
			isa = PBXContainerItemProxy;
			containerPortal = 2D410CF128F272B8009593AE /* Project object */;
			proxyType = 1;
			remoteGlobalIDString = 2D410CF828F272B8009593AE;
			remoteInfo = MyTest;
		};
		2D410D1F28F272B9009593AE /* PBXContainerItemProxy */ = {
			isa = PBXContainerItemProxy;
			containerPortal = 2D410CF128F272B8009593AE /* Project object */;
			proxyType = 1;
			remoteGlobalIDString = 2D410CF828F272B8009593AE;
			remoteInfo = MyTest;
		};
/* End PBXContainerItemProxy section */

/* Begin PBXFileReference section */
		2D31EF7F2959728B006BECB8 /* CommonUtil.h */ = {isa = PBXFileReference; lastKnownFileType = sourcecode.c.h; path = CommonUtil.h; sourceTree = "<group>"; };
		2D31EF802959728B006BECB8 /* CommonUtil.m */ = {isa = PBXFileReference; lastKnownFileType = sourcecode.c.objc; path = CommonUtil.m; sourceTree = "<group>"; };
		2D31EF8229597385006BECB8 /* 131.aac */ = {isa = PBXFileReference; lastKnownFileType = file; path = 131.aac; sourceTree = "<group>"; };
		2D31EF86295A1724006BECB8 /* libavcodec.a */ = {isa = PBXFileReference; lastKnownFileType = archive.ar; path = libavcodec.a; sourceTree = "<group>"; };
		2D410CF928F272B9009593AE /* MyTest.app */ = {isa = PBXFileReference; explicitFileType = wrapper.application; includeInIndex = 0; path = MyTest.app; sourceTree = BUILT_PRODUCTS_DIR; };
		2D410CFC28F272B9009593AE /* AppDelegate.h */ = {isa = PBXFileReference; lastKnownFileType = sourcecode.c.h; path = AppDelegate.h; sourceTree = "<group>"; };
		2D410CFD28F272B9009593AE /* AppDelegate.m */ = {isa = PBXFileReference; lastKnownFileType = sourcecode.c.objc; path = AppDelegate.m; sourceTree = "<group>"; };
		2D410D0228F272B9009593AE /* ViewController.h */ = {isa = PBXFileReference; lastKnownFileType = sourcecode.c.h; path = ViewController.h; sourceTree = "<group>"; };
		2D410D0328F272B9009593AE /* ViewController.mm */ = {isa = PBXFileReference; lastKnownFileType = sourcecode.cpp.objcpp; path = ViewController.mm; sourceTree = "<group>"; };
		2D410D0828F272B9009593AE /* Assets.xcassets */ = {isa = PBXFileReference; lastKnownFileType = folder.assetcatalog; path = Assets.xcassets; sourceTree = "<group>"; };
		2D410D0B28F272B9009593AE /* Base */ = {isa = PBXFileReference; lastKnownFileType = file.storyboard; name = Base; path = Base.lproj/LaunchScreen.storyboard; sourceTree = "<group>"; };
		2D410D0D28F272B9009593AE /* Info.plist */ = {isa = PBXFileReference; lastKnownFileType = text.plist.xml; path = Info.plist; sourceTree = "<group>"; };
		2D410D0E28F272B9009593AE /* main.m */ = {isa = PBXFileReference; lastKnownFileType = sourcecode.c.objc; path = main.m; sourceTree = "<group>"; };
		2D410D1428F272B9009593AE /* MyTestTests.xctest */ = {isa = PBXFileReference; explicitFileType = wrapper.cfbundle; includeInIndex = 0; path = MyTestTests.xctest; sourceTree = BUILT_PRODUCTS_DIR; };
		2D410D1E28F272B9009593AE /* MyTestUITests.xctest */ = {isa = PBXFileReference; explicitFileType = wrapper.cfbundle; includeInIndex = 0; path = MyTestUITests.xctest; sourceTree = BUILT_PRODUCTS_DIR; };
		2D4B5299296076AA004A4014 /* AudioPlayer.h */ = {isa = PBXFileReference; lastKnownFileType = sourcecode.c.h; path = AudioPlayer.h; sourceTree = "<group>"; };
		2D4B529A296076AA004A4014 /* AudioPlayer.mm */ = {isa = PBXFileReference; lastKnownFileType = sourcecode.cpp.objcpp; path = AudioPlayer.mm; sourceTree = "<group>"; };
		2D4E769829629C1F00BA76A8 /* AVFoundation.framework */ = {isa = PBXFileReference; lastKnownFileType = wrapper.framework; name = AVFoundation.framework; path = System/Library/Frameworks/AVFoundation.framework; sourceTree = SDKROOT; };
		2D59CE832965734900906A56 /* ConcurrentQueue.h */ = {isa = PBXFileReference; lastKnownFileType = sourcecode.c.h; path = ConcurrentQueue.h; sourceTree = "<group>"; };
		2DC8E9B1294CAF2E0015FC49 /* 16k16bit.pcm */ = {isa = PBXFileReference; lastKnownFileType = file; path = 16k16bit.pcm; sourceTree = "<group>"; };
		2DD0D0D4295C6B9D0034C2EE /* big_buck_bunny.mp4 */ = {isa = PBXFileReference; lastKnownFileType = file; path = big_buck_bunny.mp4; sourceTree = "<group>"; };
		2DD0D0D6295C83120034C2EE /* test.flv */ = {isa = PBXFileReference; lastKnownFileType = file; path = test.flv; sourceTree = "<group>"; };
		2DD178692951DDC70057B9BC /* AudioToolbox.framework */ = {isa = PBXFileReference; lastKnownFileType = wrapper.framework; name = AudioToolbox.framework; path = System/Library/Frameworks/AudioToolbox.framework; sourceTree = SDKROOT; };
		2DD1786B2951DDD40057B9BC /* VideoToolbox.framework */ = {isa = PBXFileReference; lastKnownFileType = wrapper.framework; name = VideoToolbox.framework; path = System/Library/Frameworks/VideoToolbox.framework; sourceTree = SDKROOT; };
		2DD179442951ED540057B9BC /* libz.tbd */ = {isa = PBXFileReference; lastKnownFileType = "sourcecode.text-based-dylib-definition"; name = libz.tbd; path = usr/lib/libz.tbd; sourceTree = SDKROOT; };
		2DD179462951ED610057B9BC /* libbz2.tbd */ = {isa = PBXFileReference; lastKnownFileType = "sourcecode.text-based-dylib-definition"; name = libbz2.tbd; path = usr/lib/libbz2.tbd; sourceTree = SDKROOT; };
		2DD179482951ED690057B9BC /* libiconv.tbd */ = {isa = PBXFileReference; lastKnownFileType = "sourcecode.text-based-dylib-definition"; name = libiconv.tbd; path = usr/lib/libiconv.tbd; sourceTree = SDKROOT; };
		2DD179F32951F7E60057B9BC /* CoreMedia.framework */ = {isa = PBXFileReference; lastKnownFileType = wrapper.framework; name = CoreMedia.framework; path = System/Library/Frameworks/CoreMedia.framework; sourceTree = SDKROOT; };
		2DD179F82951F8290057B9BC /* version.h */ = {isa = PBXFileReference; fileEncoding = 4; lastKnownFileType = sourcecode.c.h; path = version.h; sourceTree = "<group>"; };
		2DD179F92951F8290057B9BC /* buffersrc.h */ = {isa = PBXFileReference; fileEncoding = 4; lastKnownFileType = sourcecode.c.h; path = buffersrc.h; sourceTree = "<group>"; };
		2DD179FA2951F8290057B9BC /* buffersink.h */ = {isa = PBXFileReference; fileEncoding = 4; lastKnownFileType = sourcecode.c.h; path = buffersink.h; sourceTree = "<group>"; };
		2DD179FB2951F8290057B9BC /* avfilter.h */ = {isa = PBXFileReference; fileEncoding = 4; lastKnownFileType = sourcecode.c.h; path = avfilter.h; sourceTree = "<group>"; };
		2DD179FD2951F8290057B9BC /* hwcontext.h */ = {isa = PBXFileReference; fileEncoding = 4; lastKnownFileType = sourcecode.c.h; path = hwcontext.h; sourceTree = "<group>"; };
		2DD179FE2951F8290057B9BC /* time.h */ = {isa = PBXFileReference; fileEncoding = 4; lastKnownFileType = sourcecode.c.h; path = time.h; sourceTree = "<group>"; };
		2DD179FF2951F8290057B9BC /* hwcontext_cuda.h */ = {isa = PBXFileReference; fileEncoding = 4; lastKnownFileType = sourcecode.c.h; path = hwcontext_cuda.h; sourceTree = "<group>"; };
		2DD17A002951F8290057B9BC /* intfloat.h */ = {isa = PBXFileReference; fileEncoding = 4; lastKnownFileType = sourcecode.c.h; path = intfloat.h; sourceTree = "<group>"; };
		2DD17A012951F8290057B9BC /* error.h */ = {isa = PBXFileReference; fileEncoding = 4; lastKnownFileType = sourcecode.c.h; path = error.h; sourceTree = "<group>"; };
		2DD17A022951F8290057B9BC /* fifo.h */ = {isa = PBXFileReference; fileEncoding = 4; lastKnownFileType = sourcecode.c.h; path = fifo.h; sourceTree = "<group>"; };
		2DD17A032951F8290057B9BC /* blowfish.h */ = {isa = PBXFileReference; fileEncoding = 4; lastKnownFileType = sourcecode.c.h; path = blowfish.h; sourceTree = "<group>"; };
		2DD17A042951F8290057B9BC /* hwcontext_mediacodec.h */ = {isa = PBXFileReference; fileEncoding = 4; lastKnownFileType = sourcecode.c.h; path = hwcontext_mediacodec.h; sourceTree = "<group>"; };
		2DD17A052951F8290057B9BC /* replaygain.h */ = {isa = PBXFileReference; fileEncoding = 4; lastKnownFileType = sourcecode.c.h; path = replaygain.h; sourceTree = "<group>"; };
		2DD17A062951F8290057B9BC /* version.h */ = {isa = PBXFileReference; fileEncoding = 4; lastKnownFileType = sourcecode.c.h; path = version.h; sourceTree = "<group>"; };
		2DD17A072951F8290057B9BC /* murmur3.h */ = {isa = PBXFileReference; fileEncoding = 4; lastKnownFileType = sourcecode.c.h; path = murmur3.h; sourceTree = "<group>"; };
		2DD17A082951F8290057B9BC /* stereo3d.h */ = {isa = PBXFileReference; fileEncoding = 4; lastKnownFileType = sourcecode.c.h; path = stereo3d.h; sourceTree = "<group>"; };
		2DD17A092951F8290057B9BC /* samplefmt.h */ = {isa = PBXFileReference; fileEncoding = 4; lastKnownFileType = sourcecode.c.h; path = samplefmt.h; sourceTree = "<group>"; };
		2DD17A0A2951F8290057B9BC /* pixdesc.h */ = {isa = PBXFileReference; fileEncoding = 4; lastKnownFileType = sourcecode.c.h; path = pixdesc.h; sourceTree = "<group>"; };
		2DD17A0B2951F8290057B9BC /* base64.h */ = {isa = PBXFileReference; fileEncoding = 4; lastKnownFileType = sourcecode.c.h; path = base64.h; sourceTree = "<group>"; };
		2DD17A0C2951F8290057B9BC /* rational.h */ = {isa = PBXFileReference; fileEncoding = 4; lastKnownFileType = sourcecode.c.h; path = rational.h; sourceTree = "<group>"; };
		2DD17A0D2951F8290057B9BC /* sha.h */ = {isa = PBXFileReference; fileEncoding = 4; lastKnownFileType = sourcecode.c.h; path = sha.h; sourceTree = "<group>"; };
		2DD17A0E2951F8290057B9BC /* motion_vector.h */ = {isa = PBXFileReference; fileEncoding = 4; lastKnownFileType = sourcecode.c.h; path = motion_vector.h; sourceTree = "<group>"; };
		2DD17A0F2951F8290057B9BC /* avconfig.h */ = {isa = PBXFileReference; fileEncoding = 4; lastKnownFileType = sourcecode.c.h; path = avconfig.h; sourceTree = "<group>"; };
		2DD17A102951F8290057B9BC /* lfg.h */ = {isa = PBXFileReference; fileEncoding = 4; lastKnownFileType = sourcecode.c.h; path = lfg.h; sourceTree = "<group>"; };
		2DD17A112951F8290057B9BC /* avutil.h */ = {isa = PBXFileReference; fileEncoding = 4; lastKnownFileType = sourcecode.c.h; path = avutil.h; sourceTree = "<group>"; };
		2DD17A122951F8290057B9BC /* hwcontext_vulkan.h */ = {isa = PBXFileReference; fileEncoding = 4; lastKnownFileType = sourcecode.c.h; path = hwcontext_vulkan.h; sourceTree = "<group>"; };
		2DD17A132951F8290057B9BC /* xtea.h */ = {isa = PBXFileReference; fileEncoding = 4; lastKnownFileType = sourcecode.c.h; path = xtea.h; sourceTree = "<group>"; };
		2DD17A142951F8290057B9BC /* crc.h */ = {isa = PBXFileReference; fileEncoding = 4; lastKnownFileType = sourcecode.c.h; path = crc.h; sourceTree = "<group>"; };
		2DD17A152951F8290057B9BC /* hwcontext_vdpau.h */ = {isa = PBXFileReference; fileEncoding = 4; lastKnownFileType = sourcecode.c.h; path = hwcontext_vdpau.h; sourceTree = "<group>"; };
		2DD17A162951F8290057B9BC /* frame.h */ = {isa = PBXFileReference; fileEncoding = 4; lastKnownFileType = sourcecode.c.h; path = frame.h; sourceTree = "<group>"; };
		2DD17A172951F8290057B9BC /* file.h */ = {isa = PBXFileReference; fileEncoding = 4; lastKnownFileType = sourcecode.c.h; path = file.h; sourceTree = "<group>"; };
		2DD17A182951F8290057B9BC /* md5.h */ = {isa = PBXFileReference; fileEncoding = 4; lastKnownFileType = sourcecode.c.h; path = md5.h; sourceTree = "<group>"; };
		2DD17A192951F8290057B9BC /* cast5.h */ = {isa = PBXFileReference; fileEncoding = 4; lastKnownFileType = sourcecode.c.h; path = cast5.h; sourceTree = "<group>"; };
		2DD17A1A2951F8290057B9BC /* hwcontext_vaapi.h */ = {isa = PBXFileReference; fileEncoding = 4; lastKnownFileType = sourcecode.c.h; path = hwcontext_vaapi.h; sourceTree = "<group>"; };
		2DD17A1B2951F8290057B9BC /* spherical.h */ = {isa = PBXFileReference; fileEncoding = 4; lastKnownFileType = sourcecode.c.h; path = spherical.h; sourceTree = "<group>"; };
		2DD17A1C2951F8290057B9BC /* ffversion.h */ = {isa = PBXFileReference; fileEncoding = 4; lastKnownFileType = sourcecode.c.h; path = ffversion.h; sourceTree = "<group>"; };
		2DD17A1D2951F8290057B9BC /* hwcontext_opencl.h */ = {isa = PBXFileReference; fileEncoding = 4; lastKnownFileType = sourcecode.c.h; path = hwcontext_opencl.h; sourceTree = "<group>"; };
		2DD17A1E2951F8290057B9BC /* audio_fifo.h */ = {isa = PBXFileReference; fileEncoding = 4; lastKnownFileType = sourcecode.c.h; path = audio_fifo.h; sourceTree = "<group>"; };
		2DD17A1F2951F8290057B9BC /* tree.h */ = {isa = PBXFileReference; fileEncoding = 4; lastKnownFileType = sourcecode.c.h; path = tree.h; sourceTree = "<group>"; };
		2DD17A202951F8290057B9BC /* threadmessage.h */ = {isa = PBXFileReference; fileEncoding = 4; lastKnownFileType = sourcecode.c.h; path = threadmessage.h; sourceTree = "<group>"; };
		2DD17A212951F8290057B9BC /* attributes.h */ = {isa = PBXFileReference; fileEncoding = 4; lastKnownFileType = sourcecode.c.h; path = attributes.h; sourceTree = "<group>"; };
		2DD17A222951F8290057B9BC /* adler32.h */ = {isa = PBXFileReference; fileEncoding = 4; lastKnownFileType = sourcecode.c.h; path = adler32.h; sourceTree = "<group>"; };
		2DD17A232951F8290057B9BC /* hwcontext_d3d11va.h */ = {isa = PBXFileReference; fileEncoding = 4; lastKnownFileType = sourcecode.c.h; path = hwcontext_d3d11va.h; sourceTree = "<group>"; };
		2DD17A242951F8290057B9BC /* timecode.h */ = {isa = PBXFileReference; fileEncoding = 4; lastKnownFileType = sourcecode.c.h; path = timecode.h; sourceTree = "<group>"; };
		2DD17A252951F8290057B9BC /* dovi_meta.h */ = {isa = PBXFileReference; fileEncoding = 4; lastKnownFileType = sourcecode.c.h; path = dovi_meta.h; sourceTree = "<group>"; };
		2DD17A262951F8290057B9BC /* tx.h */ = {isa = PBXFileReference; fileEncoding = 4; lastKnownFileType = sourcecode.c.h; path = tx.h; sourceTree = "<group>"; };
		2DD17A272951F8290057B9BC /* sha512.h */ = {isa = PBXFileReference; fileEncoding = 4; lastKnownFileType = sourcecode.c.h; path = sha512.h; sourceTree = "<group>"; };
		2DD17A282951F8290057B9BC /* hwcontext_dxva2.h */ = {isa = PBXFileReference; fileEncoding = 4; lastKnownFileType = sourcecode.c.h; path = hwcontext_dxva2.h; sourceTree = "<group>"; };
		2DD17A292951F8290057B9BC /* display.h */ = {isa = PBXFileReference; fileEncoding = 4; lastKnownFileType = sourcecode.c.h; path = display.h; sourceTree = "<group>"; };
		2DD17A2A2951F8290057B9BC /* buffer.h */ = {isa = PBXFileReference; fileEncoding = 4; lastKnownFileType = sourcecode.c.h; path = buffer.h; sourceTree = "<group>"; };
		2DD17A2B2951F8290057B9BC /* camellia.h */ = {isa = PBXFileReference; fileEncoding = 4; lastKnownFileType = sourcecode.c.h; path = camellia.h; sourceTree = "<group>"; };
		2DD17A2C2951F8290057B9BC /* pixelutils.h */ = {isa = PBXFileReference; fileEncoding = 4; lastKnownFileType = sourcecode.c.h; path = pixelutils.h; sourceTree = "<group>"; };
		2DD17A2D2951F8290057B9BC /* hwcontext_drm.h */ = {isa = PBXFileReference; fileEncoding = 4; lastKnownFileType = sourcecode.c.h; path = hwcontext_drm.h; sourceTree = "<group>"; };
		2DD17A2E2951F8290057B9BC /* common.h */ = {isa = PBXFileReference; fileEncoding = 4; lastKnownFileType = sourcecode.c.h; path = common.h; sourceTree = "<group>"; };
		2DD17A2F2951F8290057B9BC /* hmac.h */ = {isa = PBXFileReference; fileEncoding = 4; lastKnownFileType = sourcecode.c.h; path = hmac.h; sourceTree = "<group>"; };
		2DD17A302951F8290057B9BC /* eval.h */ = {isa = PBXFileReference; fileEncoding = 4; lastKnownFileType = sourcecode.c.h; path = eval.h; sourceTree = "<group>"; };
		2DD17A312951F8290057B9BC /* dict.h */ = {isa = PBXFileReference; fileEncoding = 4; lastKnownFileType = sourcecode.c.h; path = dict.h; sourceTree = "<group>"; };
		2DD17A322951F8290057B9BC /* random_seed.h */ = {isa = PBXFileReference; fileEncoding = 4; lastKnownFileType = sourcecode.c.h; path = random_seed.h; sourceTree = "<group>"; };
		2DD17A332951F8290057B9BC /* opt.h */ = {isa = PBXFileReference; fileEncoding = 4; lastKnownFileType = sourcecode.c.h; path = opt.h; sourceTree = "<group>"; };
		2DD17A342951F8290057B9BC /* mastering_display_metadata.h */ = {isa = PBXFileReference; fileEncoding = 4; lastKnownFileType = sourcecode.c.h; path = mastering_display_metadata.h; sourceTree = "<group>"; };
		2DD17A352951F8290057B9BC /* log.h */ = {isa = PBXFileReference; fileEncoding = 4; lastKnownFileType = sourcecode.c.h; path = log.h; sourceTree = "<group>"; };
		2DD17A362951F8290057B9BC /* aes.h */ = {isa = PBXFileReference; fileEncoding = 4; lastKnownFileType = sourcecode.c.h; path = aes.h; sourceTree = "<group>"; };
		2DD17A372951F8290057B9BC /* macros.h */ = {isa = PBXFileReference; fileEncoding = 4; lastKnownFileType = sourcecode.c.h; path = macros.h; sourceTree = "<group>"; };
		2DD17A382951F8290057B9BC /* bswap.h */ = {isa = PBXFileReference; fileEncoding = 4; lastKnownFileType = sourcecode.c.h; path = bswap.h; sourceTree = "<group>"; };
		2DD17A392951F8290057B9BC /* rc4.h */ = {isa = PBXFileReference; fileEncoding = 4; lastKnownFileType = sourcecode.c.h; path = rc4.h; sourceTree = "<group>"; };
		2DD17A3A2951F8290057B9BC /* tea.h */ = {isa = PBXFileReference; fileEncoding = 4; lastKnownFileType = sourcecode.c.h; path = tea.h; sourceTree = "<group>"; };
		2DD17A3B2951F8290057B9BC /* cpu.h */ = {isa = PBXFileReference; fileEncoding = 4; lastKnownFileType = sourcecode.c.h; path = cpu.h; sourceTree = "<group>"; };
		2DD17A3C2951F8290057B9BC /* lzo.h */ = {isa = PBXFileReference; fileEncoding = 4; lastKnownFileType = sourcecode.c.h; path = lzo.h; sourceTree = "<group>"; };
		2DD17A3D2951F8290057B9BC /* des.h */ = {isa = PBXFileReference; fileEncoding = 4; lastKnownFileType = sourcecode.c.h; path = des.h; sourceTree = "<group>"; };
		2DD17A3E2951F8290057B9BC /* channel_layout.h */ = {isa = PBXFileReference; fileEncoding = 4; lastKnownFileType = sourcecode.c.h; path = channel_layout.h; sourceTree = "<group>"; };
		2DD17A3F2951F8290057B9BC /* encryption_info.h */ = {isa = PBXFileReference; fileEncoding = 4; lastKnownFileType = sourcecode.c.h; path = encryption_info.h; sourceTree = "<group>"; };
		2DD17A402951F8290057B9BC /* twofish.h */ = {isa = PBXFileReference; fileEncoding = 4; lastKnownFileType = sourcecode.c.h; path = twofish.h; sourceTree = "<group>"; };
		2DD17A412951F8290057B9BC /* imgutils.h */ = {isa = PBXFileReference; fileEncoding = 4; lastKnownFileType = sourcecode.c.h; path = imgutils.h; sourceTree = "<group>"; };
		2DD17A422951F8290057B9BC /* hwcontext_videotoolbox.h */ = {isa = PBXFileReference; fileEncoding = 4; lastKnownFileType = sourcecode.c.h; path = hwcontext_videotoolbox.h; sourceTree = "<group>"; };
		2DD17A432951F8290057B9BC /* video_enc_params.h */ = {isa = PBXFileReference; fileEncoding = 4; lastKnownFileType = sourcecode.c.h; path = video_enc_params.h; sourceTree = "<group>"; };
		2DD17A442951F8290057B9BC /* mem.h */ = {isa = PBXFileReference; fileEncoding = 4; lastKnownFileType = sourcecode.c.h; path = mem.h; sourceTree = "<group>"; };
		2DD17A452951F8290057B9BC /* parseutils.h */ = {isa = PBXFileReference; fileEncoding = 4; lastKnownFileType = sourcecode.c.h; path = parseutils.h; sourceTree = "<group>"; };
		2DD17A462951F8290057B9BC /* ripemd.h */ = {isa = PBXFileReference; fileEncoding = 4; lastKnownFileType = sourcecode.c.h; path = ripemd.h; sourceTree = "<group>"; };
		2DD17A472951F8290057B9BC /* bprint.h */ = {isa = PBXFileReference; fileEncoding = 4; lastKnownFileType = sourcecode.c.h; path = bprint.h; sourceTree = "<group>"; };
		2DD17A482951F8290057B9BC /* hdr_dynamic_metadata.h */ = {isa = PBXFileReference; fileEncoding = 4; lastKnownFileType = sourcecode.c.h; path = hdr_dynamic_metadata.h; sourceTree = "<group>"; };
		2DD17A492951F8290057B9BC /* hwcontext_qsv.h */ = {isa = PBXFileReference; fileEncoding = 4; lastKnownFileType = sourcecode.c.h; path = hwcontext_qsv.h; sourceTree = "<group>"; };
		2DD17A4A2951F8290057B9BC /* pixfmt.h */ = {isa = PBXFileReference; fileEncoding = 4; lastKnownFileType = sourcecode.c.h; path = pixfmt.h; sourceTree = "<group>"; };
		2DD17A4B2951F8290057B9BC /* aes_ctr.h */ = {isa = PBXFileReference; fileEncoding = 4; lastKnownFileType = sourcecode.c.h; path = aes_ctr.h; sourceTree = "<group>"; };
		2DD17A4C2951F8290057B9BC /* timestamp.h */ = {isa = PBXFileReference; fileEncoding = 4; lastKnownFileType = sourcecode.c.h; path = timestamp.h; sourceTree = "<group>"; };
		2DD17A4D2951F8290057B9BC /* downmix_info.h */ = {isa = PBXFileReference; fileEncoding = 4; lastKnownFileType = sourcecode.c.h; path = downmix_info.h; sourceTree = "<group>"; };
		2DD17A4E2951F8290057B9BC /* avassert.h */ = {isa = PBXFileReference; fileEncoding = 4; lastKnownFileType = sourcecode.c.h; path = avassert.h; sourceTree = "<group>"; };
		2DD17A4F2951F8290057B9BC /* hash.h */ = {isa = PBXFileReference; fileEncoding = 4; lastKnownFileType = sourcecode.c.h; path = hash.h; sourceTree = "<group>"; };
		2DD17A502951F8290057B9BC /* mathematics.h */ = {isa = PBXFileReference; fileEncoding = 4; lastKnownFileType = sourcecode.c.h; path = mathematics.h; sourceTree = "<group>"; };
		2DD17A512951F8290057B9BC /* intreadwrite.h */ = {isa = PBXFileReference; fileEncoding = 4; lastKnownFileType = sourcecode.c.h; path = intreadwrite.h; sourceTree = "<group>"; };
		2DD17A522951F8290057B9BC /* avstring.h */ = {isa = PBXFileReference; fileEncoding = 4; lastKnownFileType = sourcecode.c.h; path = avstring.h; sourceTree = "<group>"; };
		2DD17A542951F8290057B9BC /* version.h */ = {isa = PBXFileReference; fileEncoding = 4; lastKnownFileType = sourcecode.c.h; path = version.h; sourceTree = "<group>"; };
		2DD17A552951F8290057B9BC /* avdevice.h */ = {isa = PBXFileReference; fileEncoding = 4; lastKnownFileType = sourcecode.c.h; path = avdevice.h; sourceTree = "<group>"; };
		2DD17A572951F8290057B9BC /* version.h */ = {isa = PBXFileReference; fileEncoding = 4; lastKnownFileType = sourcecode.c.h; path = version.h; sourceTree = "<group>"; };
		2DD17A582951F8290057B9BC /* avio.h */ = {isa = PBXFileReference; fileEncoding = 4; lastKnownFileType = sourcecode.c.h; path = avio.h; sourceTree = "<group>"; };
		2DD17A592951F8290057B9BC /* avformat.h */ = {isa = PBXFileReference; fileEncoding = 4; lastKnownFileType = sourcecode.c.h; path = avformat.h; sourceTree = "<group>"; };
		2DD17A5B2951F8290057B9BC /* version.h */ = {isa = PBXFileReference; fileEncoding = 4; lastKnownFileType = sourcecode.c.h; path = version.h; sourceTree = "<group>"; };
		2DD17A5C2951F8290057B9BC /* swscale.h */ = {isa = PBXFileReference; fileEncoding = 4; lastKnownFileType = sourcecode.c.h; path = swscale.h; sourceTree = "<group>"; };
		2DD17A5E2951F8290057B9BC /* adts_parser.h */ = {isa = PBXFileReference; fileEncoding = 4; lastKnownFileType = sourcecode.c.h; path = adts_parser.h; sourceTree = "<group>"; };
		2DD17A5F2951F8290057B9BC /* avcodec.h */ = {isa = PBXFileReference; fileEncoding = 4; lastKnownFileType = sourcecode.c.h; path = avcodec.h; sourceTree = "<group>"; };
		2DD17A602951F8290057B9BC /* version.h */ = {isa = PBXFileReference; fileEncoding = 4; lastKnownFileType = sourcecode.c.h; path = version.h; sourceTree = "<group>"; };
		2DD17A612951F8290057B9BC /* vdpau.h */ = {isa = PBXFileReference; fileEncoding = 4; lastKnownFileType = sourcecode.c.h; path = vdpau.h; sourceTree = "<group>"; };
		2DD17A622951F8290057B9BC /* codec_par.h */ = {isa = PBXFileReference; fileEncoding = 4; lastKnownFileType = sourcecode.c.h; path = codec_par.h; sourceTree = "<group>"; };
		2DD17A632951F8290057B9BC /* qsv.h */ = {isa = PBXFileReference; fileEncoding = 4; lastKnownFileType = sourcecode.c.h; path = qsv.h; sourceTree = "<group>"; };
		2DD17A642951F8290057B9BC /* vaapi.h */ = {isa = PBXFileReference; fileEncoding = 4; lastKnownFileType = sourcecode.c.h; path = vaapi.h; sourceTree = "<group>"; };
		2DD17A652951F8290057B9BC /* codec_desc.h */ = {isa = PBXFileReference; fileEncoding = 4; lastKnownFileType = sourcecode.c.h; path = codec_desc.h; sourceTree = "<group>"; };
		2DD17A662951F8290057B9BC /* videotoolbox.h */ = {isa = PBXFileReference; fileEncoding = 4; lastKnownFileType = sourcecode.c.h; path = videotoolbox.h; sourceTree = "<group>"; };
		2DD17A672951F8290057B9BC /* xvmc.h */ = {isa = PBXFileReference; fileEncoding = 4; lastKnownFileType = sourcecode.c.h; path = xvmc.h; sourceTree = "<group>"; };
		2DD17A682951F8290057B9BC /* mediacodec.h */ = {isa = PBXFileReference; fileEncoding = 4; lastKnownFileType = sourcecode.c.h; path = mediacodec.h; sourceTree = "<group>"; };
		2DD17A692951F8290057B9BC /* d3d11va.h */ = {isa = PBXFileReference; fileEncoding = 4; lastKnownFileType = sourcecode.c.h; path = d3d11va.h; sourceTree = "<group>"; };
		2DD17A6A2951F8290057B9BC /* avfft.h */ = {isa = PBXFileReference; fileEncoding = 4; lastKnownFileType = sourcecode.c.h; path = avfft.h; sourceTree = "<group>"; };
		2DD17A6B2951F8290057B9BC /* codec.h */ = {isa = PBXFileReference; fileEncoding = 4; lastKnownFileType = sourcecode.c.h; path = codec.h; sourceTree = "<group>"; };
		2DD17A6C2951F8290057B9BC /* jni.h */ = {isa = PBXFileReference; fileEncoding = 4; lastKnownFileType = sourcecode.c.h; path = jni.h; sourceTree = "<group>"; };
		2DD17A6D2951F8290057B9BC /* packet.h */ = {isa = PBXFileReference; fileEncoding = 4; lastKnownFileType = sourcecode.c.h; path = packet.h; sourceTree = "<group>"; };
		2DD17A6E2951F8290057B9BC /* bsf.h */ = {isa = PBXFileReference; fileEncoding = 4; lastKnownFileType = sourcecode.c.h; path = bsf.h; sourceTree = "<group>"; };
		2DD17A6F2951F8290057B9BC /* codec_id.h */ = {isa = PBXFileReference; fileEncoding = 4; lastKnownFileType = sourcecode.c.h; path = codec_id.h; sourceTree = "<group>"; };
		2DD17A702951F8290057B9BC /* dirac.h */ = {isa = PBXFileReference; fileEncoding = 4; lastKnownFileType = sourcecode.c.h; path = dirac.h; sourceTree = "<group>"; };
		2DD17A712951F8290057B9BC /* avdct.h */ = {isa = PBXFileReference; fileEncoding = 4; lastKnownFileType = sourcecode.c.h; path = avdct.h; sourceTree = "<group>"; };
		2DD17A722951F8290057B9BC /* ac3_parser.h */ = {isa = PBXFileReference; fileEncoding = 4; lastKnownFileType = sourcecode.c.h; path = ac3_parser.h; sourceTree = "<group>"; };
		2DD17A732951F8290057B9BC /* vorbis_parser.h */ = {isa = PBXFileReference; fileEncoding = 4; lastKnownFileType = sourcecode.c.h; path = vorbis_parser.h; sourceTree = "<group>"; };
		2DD17A742951F8290057B9BC /* dxva2.h */ = {isa = PBXFileReference; fileEncoding = 4; lastKnownFileType = sourcecode.c.h; path = dxva2.h; sourceTree = "<group>"; };
		2DD17A752951F8290057B9BC /* dv_profile.h */ = {isa = PBXFileReference; fileEncoding = 4; lastKnownFileType = sourcecode.c.h; path = dv_profile.h; sourceTree = "<group>"; };
		2DD17A772951F8290057B9BC /* version.h */ = {isa = PBXFileReference; fileEncoding = 4; lastKnownFileType = sourcecode.c.h; path = version.h; sourceTree = "<group>"; };
		2DD17A782951F8290057B9BC /* swresample.h */ = {isa = PBXFileReference; fileEncoding = 4; lastKnownFileType = sourcecode.c.h; path = swresample.h; sourceTree = "<group>"; };
		2DD17A7A2951F8290057B9BC /* libavutil.a */ = {isa = PBXFileReference; lastKnownFileType = archive.ar; path = libavutil.a; sourceTree = "<group>"; };
		2DD17A7B2951F8290057B9BC /* libavfilter.a */ = {isa = PBXFileReference; lastKnownFileType = archive.ar; path = libavfilter.a; sourceTree = "<group>"; };
		2DD17A7D2951F8290057B9BC /* libavformat.a */ = {isa = PBXFileReference; lastKnownFileType = archive.ar; path = libavformat.a; sourceTree = "<group>"; };
		2DD17A7E2951F8290057B9BC /* libavdevice.a */ = {isa = PBXFileReference; lastKnownFileType = archive.ar; path = libavdevice.a; sourceTree = "<group>"; };
		2DD17A7F2951F8290057B9BC /* libswresample.a */ = {isa = PBXFileReference; lastKnownFileType = archive.ar; path = libswresample.a; sourceTree = "<group>"; };
		2DD17A802951F8290057B9BC /* libswscale.a */ = {isa = PBXFileReference; lastKnownFileType = archive.ar; path = libswscale.a; sourceTree = "<group>"; };
		2DFECBF32958AAB6002808A6 /* AVDecoder.cpp */ = {isa = PBXFileReference; lastKnownFileType = sourcecode.cpp.cpp; path = AVDecoder.cpp; sourceTree = "<group>"; };
		2DFECBF42958AAB6002808A6 /* AVDecoder.hpp */ = {isa = PBXFileReference; lastKnownFileType = sourcecode.cpp.h; path = AVDecoder.hpp; sourceTree = "<group>"; };
		4EC4271BA289A1A17570F5CE /* Pods-MyTest.debug.xcconfig */ = {isa = PBXFileReference; includeInIndex = 1; lastKnownFileType = text.xcconfig; name = "Pods-MyTest.debug.xcconfig"; path = "Target Support Files/Pods-MyTest/Pods-MyTest.debug.xcconfig"; sourceTree = "<group>"; };
		5A7EA6552B2451F2BA9B2422 /* Pods_MyTest_MyTestUITests.framework */ = {isa = PBXFileReference; explicitFileType = wrapper.framework; includeInIndex = 0; path = Pods_MyTest_MyTestUITests.framework; sourceTree = BUILT_PRODUCTS_DIR; };
		6E15B032E4FF9359AF7F60A8 /* Pods-MyTest-MyTestUITests.release.xcconfig */ = {isa = PBXFileReference; includeInIndex = 1; lastKnownFileType = text.xcconfig; name = "Pods-MyTest-MyTestUITests.release.xcconfig"; path = "Target Support Files/Pods-MyTest-MyTestUITests/Pods-MyTest-MyTestUITests.release.xcconfig"; sourceTree = "<group>"; };
		87ADDBD28FF3B737A594E81C /* Pods-MyTest-MyTestUITests.debug.xcconfig */ = {isa = PBXFileReference; includeInIndex = 1; lastKnownFileType = text.xcconfig; name = "Pods-MyTest-MyTestUITests.debug.xcconfig"; path = "Target Support Files/Pods-MyTest-MyTestUITests/Pods-MyTest-MyTestUITests.debug.xcconfig"; sourceTree = "<group>"; };
		8AE3E9205A5D98A4A957908D /* Pods-MyTestTests.debug.xcconfig */ = {isa = PBXFileReference; includeInIndex = 1; lastKnownFileType = text.xcconfig; name = "Pods-MyTestTests.debug.xcconfig"; path = "Target Support Files/Pods-MyTestTests/Pods-MyTestTests.debug.xcconfig"; sourceTree = "<group>"; };
		AE4739BDEA7FCC215F2F2546 /* Pods_MyTest.framework */ = {isa = PBXFileReference; explicitFileType = wrapper.framework; includeInIndex = 0; path = Pods_MyTest.framework; sourceTree = BUILT_PRODUCTS_DIR; };
		B46FE3EDEA7D1BF018649D9D /* Pods_MyTestTests.framework */ = {isa = PBXFileReference; explicitFileType = wrapper.framework; includeInIndex = 0; path = Pods_MyTestTests.framework; sourceTree = BUILT_PRODUCTS_DIR; };
		D14173ECF86BD210D296AFFF /* Pods-MyTestTests.release.xcconfig */ = {isa = PBXFileReference; includeInIndex = 1; lastKnownFileType = text.xcconfig; name = "Pods-MyTestTests.release.xcconfig"; path = "Target Support Files/Pods-MyTestTests/Pods-MyTestTests.release.xcconfig"; sourceTree = "<group>"; };
		E39E33CE62F70A082D95CF9F /* Pods-MyTest.release.xcconfig */ = {isa = PBXFileReference; includeInIndex = 1; lastKnownFileType = text.xcconfig; name = "Pods-MyTest.release.xcconfig"; path = "Target Support Files/Pods-MyTest/Pods-MyTest.release.xcconfig"; sourceTree = "<group>"; };
/* End PBXFileReference section */

/* Begin PBXFrameworksBuildPhase section */
		2D410CF628F272B8009593AE /* Frameworks */ = {
			isa = PBXFrameworksBuildPhase;
			buildActionMask = 2147483647;
			files = (
				2D4E769929629C1F00BA76A8 /* AVFoundation.framework in Frameworks */,
				2DD17A822951F8290057B9BC /* libavfilter.a in Frameworks */,
				2DD179F42951F7E60057B9BC /* CoreMedia.framework in Frameworks */,
				2DD179492951ED690057B9BC /* libiconv.tbd in Frameworks */,
				2D31EF87295A1724006BECB8 /* libavcodec.a in Frameworks */,
				2DD17A842951F8290057B9BC /* libavformat.a in Frameworks */,
				2DD17A862951F8290057B9BC /* libswresample.a in Frameworks */,
				2DD179472951ED610057B9BC /* libbz2.tbd in Frameworks */,
				2DD179452951ED540057B9BC /* libz.tbd in Frameworks */,
				2DD17A812951F8290057B9BC /* libavutil.a in Frameworks */,
				2DD1786C2951DDD40057B9BC /* VideoToolbox.framework in Frameworks */,
				2DD17A852951F8290057B9BC /* libavdevice.a in Frameworks */,
				2DD17A872951F8290057B9BC /* libswscale.a in Frameworks */,
				2DD1786A2951DDC70057B9BC /* AudioToolbox.framework in Frameworks */,
				BE7700DAF9F45B030D248B73 /* Pods_MyTest.framework in Frameworks */,
			);
			runOnlyForDeploymentPostprocessing = 0;
		};
		2D410D1128F272B9009593AE /* Frameworks */ = {
			isa = PBXFrameworksBuildPhase;
			buildActionMask = 2147483647;
			files = (
				85B714CE9621B815238340DF /* Pods_MyTestTests.framework in Frameworks */,
			);
			runOnlyForDeploymentPostprocessing = 0;
		};
		2D410D1B28F272B9009593AE /* Frameworks */ = {
			isa = PBXFrameworksBuildPhase;
			buildActionMask = 2147483647;
			files = (
				EA8F9C302F7276073C79D86C /* Pods_MyTest_MyTestUITests.framework in Frameworks */,
			);
			runOnlyForDeploymentPostprocessing = 0;
		};
/* End PBXFrameworksBuildPhase section */

/* Begin PBXGroup section */
		2D31EF7E2959725F006BECB8 /* CommonUtils */ = {
			isa = PBXGroup;
			children = (
				2D31EF7F2959728B006BECB8 /* CommonUtil.h */,
				2D31EF802959728B006BECB8 /* CommonUtil.m */,
			);
			path = CommonUtils;
			sourceTree = "<group>";
		};
		2D410CF028F272B8009593AE = {
			isa = PBXGroup;
			children = (
				2D410CFB28F272B9009593AE /* MyTest */,
				2D410CFA28F272B9009593AE /* Products */,
				2DD178682951DDC70057B9BC /* Frameworks */,
				BDC8AD53C5AFC40A119BF579 /* Pods */,
			);
			sourceTree = "<group>";
		};
		2D410CFA28F272B9009593AE /* Products */ = {
			isa = PBXGroup;
			children = (
				2D410CF928F272B9009593AE /* MyTest.app */,
				2D410D1428F272B9009593AE /* MyTestTests.xctest */,
				2D410D1E28F272B9009593AE /* MyTestUITests.xctest */,
			);
			name = Products;
			sourceTree = "<group>";
		};
		2D410CFB28F272B9009593AE /* MyTest */ = {
			isa = PBXGroup;
			children = (
				2D4B52982960767B004A4014 /* AudioPlayer */,
				2D31EF7E2959725F006BECB8 /* CommonUtils */,
				2DFECBF22958A98C002808A6 /* AVDecoder */,
				2DD179F52951F8290057B9BC /* ffmpeg */,
				2D410CFC28F272B9009593AE /* AppDelegate.h */,
				2D410CFD28F272B9009593AE /* AppDelegate.m */,
				2D410D0228F272B9009593AE /* ViewController.h */,
				2D410D0328F272B9009593AE /* ViewController.mm */,
				2D410D0828F272B9009593AE /* Assets.xcassets */,
				2DC8E9B1294CAF2E0015FC49 /* 16k16bit.pcm */,
				2D31EF8229597385006BECB8 /* 131.aac */,
				2DD0D0D4295C6B9D0034C2EE /* big_buck_bunny.mp4 */,
				2DD0D0D6295C83120034C2EE /* test.flv */,
				2D410D0A28F272B9009593AE /* LaunchScreen.storyboard */,
				2D410D0D28F272B9009593AE /* Info.plist */,
				2D410D0E28F272B9009593AE /* main.m */,
			);
			path = MyTest;
			sourceTree = "<group>";
		};
		2D4B52982960767B004A4014 /* AudioPlayer */ = {
			isa = PBXGroup;
			children = (
				2D4B5299296076AA004A4014 /* AudioPlayer.h */,
				2D4B529A296076AA004A4014 /* AudioPlayer.mm */,
			);
			path = AudioPlayer;
			sourceTree = "<group>";
		};
		2DD178682951DDC70057B9BC /* Frameworks */ = {
			isa = PBXGroup;
			children = (
				2D4E769829629C1F00BA76A8 /* AVFoundation.framework */,
				2DD179F32951F7E60057B9BC /* CoreMedia.framework */,
				2DD179482951ED690057B9BC /* libiconv.tbd */,
				2DD179462951ED610057B9BC /* libbz2.tbd */,
				2DD179442951ED540057B9BC /* libz.tbd */,
				2DD1786B2951DDD40057B9BC /* VideoToolbox.framework */,
				2DD178692951DDC70057B9BC /* AudioToolbox.framework */,
				AE4739BDEA7FCC215F2F2546 /* Pods_MyTest.framework */,
				5A7EA6552B2451F2BA9B2422 /* Pods_MyTest_MyTestUITests.framework */,
				B46FE3EDEA7D1BF018649D9D /* Pods_MyTestTests.framework */,
			);
			name = Frameworks;
			sourceTree = "<group>";
		};
		2DD179F52951F8290057B9BC /* ffmpeg */ = {
			isa = PBXGroup;
			children = (
				2DD179F62951F8290057B9BC /* include */,
				2DD17A792951F8290057B9BC /* lib */,
			);
			path = ffmpeg;
			sourceTree = "<group>";
		};
		2DD179F62951F8290057B9BC /* include */ = {
			isa = PBXGroup;
			children = (
				2DD179F72951F8290057B9BC /* libavfilter */,
				2DD179FC2951F8290057B9BC /* libavutil */,
				2DD17A532951F8290057B9BC /* libavdevice */,
				2DD17A562951F8290057B9BC /* libavformat */,
				2DD17A5A2951F8290057B9BC /* libswscale */,
				2DD17A5D2951F8290057B9BC /* libavcodec */,
				2DD17A762951F8290057B9BC /* libswresample */,
			);
			path = include;
			sourceTree = "<group>";
		};
		2DD179F72951F8290057B9BC /* libavfilter */ = {
			isa = PBXGroup;
			children = (
				2DD179F82951F8290057B9BC /* version.h */,
				2DD179F92951F8290057B9BC /* buffersrc.h */,
				2DD179FA2951F8290057B9BC /* buffersink.h */,
				2DD179FB2951F8290057B9BC /* avfilter.h */,
			);
			path = libavfilter;
			sourceTree = "<group>";
		};
		2DD179FC2951F8290057B9BC /* libavutil */ = {
			isa = PBXGroup;
			children = (
				2DD179FD2951F8290057B9BC /* hwcontext.h */,
				2DD179FE2951F8290057B9BC /* time.h */,
				2DD179FF2951F8290057B9BC /* hwcontext_cuda.h */,
				2DD17A002951F8290057B9BC /* intfloat.h */,
				2DD17A012951F8290057B9BC /* error.h */,
				2DD17A022951F8290057B9BC /* fifo.h */,
				2DD17A032951F8290057B9BC /* blowfish.h */,
				2DD17A042951F8290057B9BC /* hwcontext_mediacodec.h */,
				2DD17A052951F8290057B9BC /* replaygain.h */,
				2DD17A062951F8290057B9BC /* version.h */,
				2DD17A072951F8290057B9BC /* murmur3.h */,
				2DD17A082951F8290057B9BC /* stereo3d.h */,
				2DD17A092951F8290057B9BC /* samplefmt.h */,
				2DD17A0A2951F8290057B9BC /* pixdesc.h */,
				2DD17A0B2951F8290057B9BC /* base64.h */,
				2DD17A0C2951F8290057B9BC /* rational.h */,
				2DD17A0D2951F8290057B9BC /* sha.h */,
				2DD17A0E2951F8290057B9BC /* motion_vector.h */,
				2DD17A0F2951F8290057B9BC /* avconfig.h */,
				2DD17A102951F8290057B9BC /* lfg.h */,
				2DD17A112951F8290057B9BC /* avutil.h */,
				2DD17A122951F8290057B9BC /* hwcontext_vulkan.h */,
				2DD17A132951F8290057B9BC /* xtea.h */,
				2DD17A142951F8290057B9BC /* crc.h */,
				2DD17A152951F8290057B9BC /* hwcontext_vdpau.h */,
				2DD17A162951F8290057B9BC /* frame.h */,
				2DD17A172951F8290057B9BC /* file.h */,
				2DD17A182951F8290057B9BC /* md5.h */,
				2DD17A192951F8290057B9BC /* cast5.h */,
				2DD17A1A2951F8290057B9BC /* hwcontext_vaapi.h */,
				2DD17A1B2951F8290057B9BC /* spherical.h */,
				2DD17A1C2951F8290057B9BC /* ffversion.h */,
				2DD17A1D2951F8290057B9BC /* hwcontext_opencl.h */,
				2DD17A1E2951F8290057B9BC /* audio_fifo.h */,
				2DD17A1F2951F8290057B9BC /* tree.h */,
				2DD17A202951F8290057B9BC /* threadmessage.h */,
				2DD17A212951F8290057B9BC /* attributes.h */,
				2DD17A222951F8290057B9BC /* adler32.h */,
				2DD17A232951F8290057B9BC /* hwcontext_d3d11va.h */,
				2DD17A242951F8290057B9BC /* timecode.h */,
				2DD17A252951F8290057B9BC /* dovi_meta.h */,
				2DD17A262951F8290057B9BC /* tx.h */,
				2DD17A272951F8290057B9BC /* sha512.h */,
				2DD17A282951F8290057B9BC /* hwcontext_dxva2.h */,
				2DD17A292951F8290057B9BC /* display.h */,
				2DD17A2A2951F8290057B9BC /* buffer.h */,
				2DD17A2B2951F8290057B9BC /* camellia.h */,
				2DD17A2C2951F8290057B9BC /* pixelutils.h */,
				2DD17A2D2951F8290057B9BC /* hwcontext_drm.h */,
				2DD17A2E2951F8290057B9BC /* common.h */,
				2DD17A2F2951F8290057B9BC /* hmac.h */,
				2DD17A302951F8290057B9BC /* eval.h */,
				2DD17A312951F8290057B9BC /* dict.h */,
				2DD17A322951F8290057B9BC /* random_seed.h */,
				2DD17A332951F8290057B9BC /* opt.h */,
				2DD17A342951F8290057B9BC /* mastering_display_metadata.h */,
				2DD17A352951F8290057B9BC /* log.h */,
				2DD17A362951F8290057B9BC /* aes.h */,
				2DD17A372951F8290057B9BC /* macros.h */,
				2DD17A382951F8290057B9BC /* bswap.h */,
				2DD17A392951F8290057B9BC /* rc4.h */,
				2DD17A3A2951F8290057B9BC /* tea.h */,
				2DD17A3B2951F8290057B9BC /* cpu.h */,
				2DD17A3C2951F8290057B9BC /* lzo.h */,
				2DD17A3D2951F8290057B9BC /* des.h */,
				2DD17A3E2951F8290057B9BC /* channel_layout.h */,
				2DD17A3F2951F8290057B9BC /* encryption_info.h */,
				2DD17A402951F8290057B9BC /* twofish.h */,
				2DD17A412951F8290057B9BC /* imgutils.h */,
				2DD17A422951F8290057B9BC /* hwcontext_videotoolbox.h */,
				2DD17A432951F8290057B9BC /* video_enc_params.h */,
				2DD17A442951F8290057B9BC /* mem.h */,
				2DD17A452951F8290057B9BC /* parseutils.h */,
				2DD17A462951F8290057B9BC /* ripemd.h */,
				2DD17A472951F8290057B9BC /* bprint.h */,
				2DD17A482951F8290057B9BC /* hdr_dynamic_metadata.h */,
				2DD17A492951F8290057B9BC /* hwcontext_qsv.h */,
				2DD17A4A2951F8290057B9BC /* pixfmt.h */,
				2DD17A4B2951F8290057B9BC /* aes_ctr.h */,
				2DD17A4C2951F8290057B9BC /* timestamp.h */,
				2DD17A4D2951F8290057B9BC /* downmix_info.h */,
				2DD17A4E2951F8290057B9BC /* avassert.h */,
				2DD17A4F2951F8290057B9BC /* hash.h */,
				2DD17A502951F8290057B9BC /* mathematics.h */,
				2DD17A512951F8290057B9BC /* intreadwrite.h */,
				2DD17A522951F8290057B9BC /* avstring.h */,
			);
			path = libavutil;
			sourceTree = "<group>";
		};
		2DD17A532951F8290057B9BC /* libavdevice */ = {
			isa = PBXGroup;
			children = (
				2DD17A542951F8290057B9BC /* version.h */,
				2DD17A552951F8290057B9BC /* avdevice.h */,
			);
			path = libavdevice;
			sourceTree = "<group>";
		};
		2DD17A562951F8290057B9BC /* libavformat */ = {
			isa = PBXGroup;
			children = (
				2DD17A572951F8290057B9BC /* version.h */,
				2DD17A582951F8290057B9BC /* avio.h */,
				2DD17A592951F8290057B9BC /* avformat.h */,
			);
			path = libavformat;
			sourceTree = "<group>";
		};
		2DD17A5A2951F8290057B9BC /* libswscale */ = {
			isa = PBXGroup;
			children = (
				2DD17A5B2951F8290057B9BC /* version.h */,
				2DD17A5C2951F8290057B9BC /* swscale.h */,
			);
			path = libswscale;
			sourceTree = "<group>";
		};
		2DD17A5D2951F8290057B9BC /* libavcodec */ = {
			isa = PBXGroup;
			children = (
				2DD17A5E2951F8290057B9BC /* adts_parser.h */,
				2DD17A5F2951F8290057B9BC /* avcodec.h */,
				2DD17A602951F8290057B9BC /* version.h */,
				2DD17A612951F8290057B9BC /* vdpau.h */,
				2DD17A622951F8290057B9BC /* codec_par.h */,
				2DD17A632951F8290057B9BC /* qsv.h */,
				2DD17A642951F8290057B9BC /* vaapi.h */,
				2DD17A652951F8290057B9BC /* codec_desc.h */,
				2DD17A662951F8290057B9BC /* videotoolbox.h */,
				2DD17A672951F8290057B9BC /* xvmc.h */,
				2DD17A682951F8290057B9BC /* mediacodec.h */,
				2DD17A692951F8290057B9BC /* d3d11va.h */,
				2DD17A6A2951F8290057B9BC /* avfft.h */,
				2DD17A6B2951F8290057B9BC /* codec.h */,
				2DD17A6C2951F8290057B9BC /* jni.h */,
				2DD17A6D2951F8290057B9BC /* packet.h */,
				2DD17A6E2951F8290057B9BC /* bsf.h */,
				2DD17A6F2951F8290057B9BC /* codec_id.h */,
				2DD17A702951F8290057B9BC /* dirac.h */,
				2DD17A712951F8290057B9BC /* avdct.h */,
				2DD17A722951F8290057B9BC /* ac3_parser.h */,
				2DD17A732951F8290057B9BC /* vorbis_parser.h */,
				2DD17A742951F8290057B9BC /* dxva2.h */,
				2DD17A752951F8290057B9BC /* dv_profile.h */,
			);
			path = libavcodec;
			sourceTree = "<group>";
		};
		2DD17A762951F8290057B9BC /* libswresample */ = {
			isa = PBXGroup;
			children = (
				2DD17A772951F8290057B9BC /* version.h */,
				2DD17A782951F8290057B9BC /* swresample.h */,
			);
			path = libswresample;
			sourceTree = "<group>";
		};
		2DD17A792951F8290057B9BC /* lib */ = {
			isa = PBXGroup;
			children = (
				2DD17A7A2951F8290057B9BC /* libavutil.a */,
				2DD17A7B2951F8290057B9BC /* libavfilter.a */,
				2DD17A7D2951F8290057B9BC /* libavformat.a */,
				2D31EF86295A1724006BECB8 /* libavcodec.a */,
				2DD17A7E2951F8290057B9BC /* libavdevice.a */,
				2DD17A7F2951F8290057B9BC /* libswresample.a */,
				2DD17A802951F8290057B9BC /* libswscale.a */,
			);
			path = lib;
			sourceTree = "<group>";
		};
		2DFECBF22958A98C002808A6 /* AVDecoder */ = {
			isa = PBXGroup;
			children = (
				2DFECBF32958AAB6002808A6 /* AVDecoder.cpp */,
				2DFECBF42958AAB6002808A6 /* AVDecoder.hpp */,
				2D59CE832965734900906A56 /* ConcurrentQueue.h */,
			);
			path = AVDecoder;
			sourceTree = "<group>";
		};
		BDC8AD53C5AFC40A119BF579 /* Pods */ = {
			isa = PBXGroup;
			children = (
				4EC4271BA289A1A17570F5CE /* Pods-MyTest.debug.xcconfig */,
				E39E33CE62F70A082D95CF9F /* Pods-MyTest.release.xcconfig */,
				87ADDBD28FF3B737A594E81C /* Pods-MyTest-MyTestUITests.debug.xcconfig */,
				6E15B032E4FF9359AF7F60A8 /* Pods-MyTest-MyTestUITests.release.xcconfig */,
				8AE3E9205A5D98A4A957908D /* Pods-MyTestTests.debug.xcconfig */,
				D14173ECF86BD210D296AFFF /* Pods-MyTestTests.release.xcconfig */,
			);
			path = Pods;
			sourceTree = "<group>";
		};
/* End PBXGroup section */

/* Begin PBXNativeTarget section */
		2D410CF828F272B8009593AE /* MyTest */ = {
			isa = PBXNativeTarget;
			buildConfigurationList = 2D410D2828F272B9009593AE /* Build configuration list for PBXNativeTarget "MyTest" */;
			buildPhases = (
				3261BC4C2CEF9E8A26416DD9 /* [CP] Check Pods Manifest.lock */,
				2D410CF528F272B8009593AE /* Sources */,
				2D410CF628F272B8009593AE /* Frameworks */,
				2D410CF728F272B8009593AE /* Resources */,
				E4E4CDA77F77CACBB1DEA92D /* [CP] Embed Pods Frameworks */,
			);
			buildRules = (
			);
			dependencies = (
			);
			name = MyTest;
			productName = MyTest;
			productReference = 2D410CF928F272B9009593AE /* MyTest.app */;
			productType = "com.apple.product-type.application";
		};
		2D410D1328F272B9009593AE /* MyTestTests */ = {
			isa = PBXNativeTarget;
			buildConfigurationList = 2D410D2B28F272B9009593AE /* Build configuration list for PBXNativeTarget "MyTestTests" */;
			buildPhases = (
				F5E5F6D7B48DB7A36DAC8AAC /* [CP] Check Pods Manifest.lock */,
				2D410D1028F272B9009593AE /* Sources */,
				2D410D1128F272B9009593AE /* Frameworks */,
				2D410D1228F272B9009593AE /* Resources */,
			);
			buildRules = (
			);
			dependencies = (
				2D410D1628F272B9009593AE /* PBXTargetDependency */,
			);
			name = MyTestTests;
			productName = MyTestTests;
			productReference = 2D410D1428F272B9009593AE /* MyTestTests.xctest */;
			productType = "com.apple.product-type.bundle.unit-test";
		};
		2D410D1D28F272B9009593AE /* MyTestUITests */ = {
			isa = PBXNativeTarget;
			buildConfigurationList = 2D410D2E28F272B9009593AE /* Build configuration list for PBXNativeTarget "MyTestUITests" */;
			buildPhases = (
				820F4C3BBBA24DB1ADB328B4 /* [CP] Check Pods Manifest.lock */,
				2D410D1A28F272B9009593AE /* Sources */,
				2D410D1B28F272B9009593AE /* Frameworks */,
				2D410D1C28F272B9009593AE /* Resources */,
				CDFC74DADC36072411663FD5 /* [CP] Embed Pods Frameworks */,
			);
			buildRules = (
			);
			dependencies = (
				2D410D2028F272B9009593AE /* PBXTargetDependency */,
			);
			name = MyTestUITests;
			productName = MyTestUITests;
			productReference = 2D410D1E28F272B9009593AE /* MyTestUITests.xctest */;
			productType = "com.apple.product-type.bundle.ui-testing";
		};
/* End PBXNativeTarget section */

/* Begin PBXProject section */
		2D410CF128F272B8009593AE /* Project object */ = {
			isa = PBXProject;
			attributes = {
				BuildIndependentTargetsInParallel = 1;
				LastUpgradeCheck = 1400;
				TargetAttributes = {
					2D410CF828F272B8009593AE = {
						CreatedOnToolsVersion = 14.0.1;
					};
					2D410D1328F272B9009593AE = {
						CreatedOnToolsVersion = 14.0.1;
						TestTargetID = 2D410CF828F272B8009593AE;
					};
					2D410D1D28F272B9009593AE = {
						CreatedOnToolsVersion = 14.0.1;
						TestTargetID = 2D410CF828F272B8009593AE;
					};
				};
			};
			buildConfigurationList = 2D410CF428F272B8009593AE /* Build configuration list for PBXProject "MyTest" */;
			compatibilityVersion = "Xcode 14.0";
			developmentRegion = en;
			hasScannedForEncodings = 0;
			knownRegions = (
				en,
				Base,
			);
			mainGroup = 2D410CF028F272B8009593AE;
			productRefGroup = 2D410CFA28F272B9009593AE /* Products */;
			projectDirPath = "";
			projectRoot = "";
			targets = (
				2D410CF828F272B8009593AE /* MyTest */,
				2D410D1328F272B9009593AE /* MyTestTests */,
				2D410D1D28F272B9009593AE /* MyTestUITests */,
			);
		};
/* End PBXProject section */

/* Begin PBXResourcesBuildPhase section */
		2D410CF728F272B8009593AE /* Resources */ = {
			isa = PBXResourcesBuildPhase;
			buildActionMask = 2147483647;
			files = (
				2D31EF832959950B006BECB8 /* 131.aac in Resources */,
				2DC8E9B2294CAF2E0015FC49 /* 16k16bit.pcm in Resources */,
				2DD0D0D5295C6B9D0034C2EE /* big_buck_bunny.mp4 in Resources */,
				2D410D0C28F272B9009593AE /* LaunchScreen.storyboard in Resources */,
				2DD0D0D7295C83120034C2EE /* test.flv in Resources */,
				2D410D0928F272B9009593AE /* Assets.xcassets in Resources */,
			);
			runOnlyForDeploymentPostprocessing = 0;
		};
		2D410D1228F272B9009593AE /* Resources */ = {
			isa = PBXResourcesBuildPhase;
			buildActionMask = 2147483647;
			files = (
			);
			runOnlyForDeploymentPostprocessing = 0;
		};
		2D410D1C28F272B9009593AE /* Resources */ = {
			isa = PBXResourcesBuildPhase;
			buildActionMask = 2147483647;
			files = (
			);
			runOnlyForDeploymentPostprocessing = 0;
		};
/* End PBXResourcesBuildPhase section */

/* Begin PBXShellScriptBuildPhase section */
		3261BC4C2CEF9E8A26416DD9 /* [CP] Check Pods Manifest.lock */ = {
			isa = PBXShellScriptBuildPhase;
			buildActionMask = 2147483647;
			files = (
			);
			inputFileListPaths = (
			);
			inputPaths = (
				"${PODS_PODFILE_DIR_PATH}/Podfile.lock",
				"${PODS_ROOT}/Manifest.lock",
			);
			name = "[CP] Check Pods Manifest.lock";
			outputFileListPaths = (
			);
			outputPaths = (
				"$(DERIVED_FILE_DIR)/Pods-MyTest-checkManifestLockResult.txt",
			);
			runOnlyForDeploymentPostprocessing = 0;
			shellPath = /bin/sh;
			shellScript = "diff \"${PODS_PODFILE_DIR_PATH}/Podfile.lock\" \"${PODS_ROOT}/Manifest.lock\" > /dev/null\nif [ $? != 0 ] ; then\n    # print error to STDERR\n    echo \"error: The sandbox is not in sync with the Podfile.lock. Run 'pod install' or update your CocoaPods installation.\" >&2\n    exit 1\nfi\n# This output is used by Xcode 'outputs' to avoid re-running this script phase.\necho \"SUCCESS\" > \"${SCRIPT_OUTPUT_FILE_0}\"\n";
			showEnvVarsInLog = 0;
		};
		820F4C3BBBA24DB1ADB328B4 /* [CP] Check Pods Manifest.lock */ = {
			isa = PBXShellScriptBuildPhase;
			buildActionMask = 2147483647;
			files = (
			);
			inputFileListPaths = (
			);
			inputPaths = (
				"${PODS_PODFILE_DIR_PATH}/Podfile.lock",
				"${PODS_ROOT}/Manifest.lock",
			);
			name = "[CP] Check Pods Manifest.lock";
			outputFileListPaths = (
			);
			outputPaths = (
				"$(DERIVED_FILE_DIR)/Pods-MyTest-MyTestUITests-checkManifestLockResult.txt",
			);
			runOnlyForDeploymentPostprocessing = 0;
			shellPath = /bin/sh;
			shellScript = "diff \"${PODS_PODFILE_DIR_PATH}/Podfile.lock\" \"${PODS_ROOT}/Manifest.lock\" > /dev/null\nif [ $? != 0 ] ; then\n    # print error to STDERR\n    echo \"error: The sandbox is not in sync with the Podfile.lock. Run 'pod install' or update your CocoaPods installation.\" >&2\n    exit 1\nfi\n# This output is used by Xcode 'outputs' to avoid re-running this script phase.\necho \"SUCCESS\" > \"${SCRIPT_OUTPUT_FILE_0}\"\n";
			showEnvVarsInLog = 0;
		};
		CDFC74DADC36072411663FD5 /* [CP] Embed Pods Frameworks */ = {
			isa = PBXShellScriptBuildPhase;
			buildActionMask = 2147483647;
			files = (
			);
			inputFileListPaths = (
				"${PODS_ROOT}/Target Support Files/Pods-MyTest-MyTestUITests/Pods-MyTest-MyTestUITests-frameworks-${CONFIGURATION}-input-files.xcfilelist",
			);
			name = "[CP] Embed Pods Frameworks";
			outputFileListPaths = (
				"${PODS_ROOT}/Target Support Files/Pods-MyTest-MyTestUITests/Pods-MyTest-MyTestUITests-frameworks-${CONFIGURATION}-output-files.xcfilelist",
			);
			runOnlyForDeploymentPostprocessing = 0;
			shellPath = /bin/sh;
			shellScript = "\"${PODS_ROOT}/Target Support Files/Pods-MyTest-MyTestUITests/Pods-MyTest-MyTestUITests-frameworks.sh\"\n";
			showEnvVarsInLog = 0;
		};
		E4E4CDA77F77CACBB1DEA92D /* [CP] Embed Pods Frameworks */ = {
			isa = PBXShellScriptBuildPhase;
			buildActionMask = 2147483647;
			files = (
			);
			inputFileListPaths = (
				"${PODS_ROOT}/Target Support Files/Pods-MyTest/Pods-MyTest-frameworks-${CONFIGURATION}-input-files.xcfilelist",
			);
			name = "[CP] Embed Pods Frameworks";
			outputFileListPaths = (
				"${PODS_ROOT}/Target Support Files/Pods-MyTest/Pods-MyTest-frameworks-${CONFIGURATION}-output-files.xcfilelist",
			);
			runOnlyForDeploymentPostprocessing = 0;
			shellPath = /bin/sh;
			shellScript = "\"${PODS_ROOT}/Target Support Files/Pods-MyTest/Pods-MyTest-frameworks.sh\"\n";
			showEnvVarsInLog = 0;
		};
		F5E5F6D7B48DB7A36DAC8AAC /* [CP] Check Pods Manifest.lock */ = {
			isa = PBXShellScriptBuildPhase;
			buildActionMask = 2147483647;
			files = (
			);
			inputFileListPaths = (
			);
			inputPaths = (
				"${PODS_PODFILE_DIR_PATH}/Podfile.lock",
				"${PODS_ROOT}/Manifest.lock",
			);
			name = "[CP] Check Pods Manifest.lock";
			outputFileListPaths = (
			);
			outputPaths = (
				"$(DERIVED_FILE_DIR)/Pods-MyTestTests-checkManifestLockResult.txt",
			);
			runOnlyForDeploymentPostprocessing = 0;
			shellPath = /bin/sh;
			shellScript = "diff \"${PODS_PODFILE_DIR_PATH}/Podfile.lock\" \"${PODS_ROOT}/Manifest.lock\" > /dev/null\nif [ $? != 0 ] ; then\n    # print error to STDERR\n    echo \"error: The sandbox is not in sync with the Podfile.lock. Run 'pod install' or update your CocoaPods installation.\" >&2\n    exit 1\nfi\n# This output is used by Xcode 'outputs' to avoid re-running this script phase.\necho \"SUCCESS\" > \"${SCRIPT_OUTPUT_FILE_0}\"\n";
			showEnvVarsInLog = 0;
		};
/* End PBXShellScriptBuildPhase section */

/* Begin PBXSourcesBuildPhase section */
		2D410CF528F272B8009593AE /* Sources */ = {
			isa = PBXSourcesBuildPhase;
			buildActionMask = 2147483647;
			files = (
				2D31EF812959728B006BECB8 /* CommonUtil.m in Sources */,
				2D4B529B296076AA004A4014 /* AudioPlayer.mm in Sources */,
				2D410D0428F272B9009593AE /* ViewController.mm in Sources */,
				2D410CFE28F272B9009593AE /* AppDelegate.m in Sources */,
				2D410D0F28F272B9009593AE /* main.m in Sources */,
				2DFECBF52958AAB6002808A6 /* AVDecoder.cpp in Sources */,
			);
			runOnlyForDeploymentPostprocessing = 0;
		};
		2D410D1028F272B9009593AE /* Sources */ = {
			isa = PBXSourcesBuildPhase;
			buildActionMask = 2147483647;
			files = (
			);
			runOnlyForDeploymentPostprocessing = 0;
		};
		2D410D1A28F272B9009593AE /* Sources */ = {
			isa = PBXSourcesBuildPhase;
			buildActionMask = 2147483647;
			files = (
			);
			runOnlyForDeploymentPostprocessing = 0;
		};
/* End PBXSourcesBuildPhase section */

/* Begin PBXTargetDependency section */
		2D410D1628F272B9009593AE /* PBXTargetDependency */ = {
			isa = PBXTargetDependency;
			target = 2D410CF828F272B8009593AE /* MyTest */;
			targetProxy = 2D410D1528F272B9009593AE /* PBXContainerItemProxy */;
		};
		2D410D2028F272B9009593AE /* PBXTargetDependency */ = {
			isa = PBXTargetDependency;
			target = 2D410CF828F272B8009593AE /* MyTest */;
			targetProxy = 2D410D1F28F272B9009593AE /* PBXContainerItemProxy */;
		};
/* End PBXTargetDependency section */

/* Begin PBXVariantGroup section */
		2D410D0A28F272B9009593AE /* LaunchScreen.storyboard */ = {
			isa = PBXVariantGroup;
			children = (
				2D410D0B28F272B9009593AE /* Base */,
			);
			name = LaunchScreen.storyboard;
			sourceTree = "<group>";
		};
/* End PBXVariantGroup section */

/* Begin XCBuildConfiguration section */
		2D410D2628F272B9009593AE /* Debug */ = {
			isa = XCBuildConfiguration;
			buildSettings = {
				ALWAYS_SEARCH_USER_PATHS = NO;
				CLANG_ANALYZER_NONNULL = YES;
				CLANG_ANALYZER_NUMBER_OBJECT_CONVERSION = YES_AGGRESSIVE;
				CLANG_CXX_LANGUAGE_STANDARD = "gnu++20";
				CLANG_ENABLE_MODULES = YES;
				CLANG_ENABLE_OBJC_ARC = YES;
				CLANG_ENABLE_OBJC_WEAK = YES;
				CLANG_WARN_BLOCK_CAPTURE_AUTORELEASING = YES;
				CLANG_WARN_BOOL_CONVERSION = YES;
				CLANG_WARN_COMMA = YES;
				CLANG_WARN_CONSTANT_CONVERSION = YES;
				CLANG_WARN_DEPRECATED_OBJC_IMPLEMENTATIONS = YES;
				CLANG_WARN_DIRECT_OBJC_ISA_USAGE = YES_ERROR;
				CLANG_WARN_DOCUMENTATION_COMMENTS = YES;
				CLANG_WARN_EMPTY_BODY = YES;
				CLANG_WARN_ENUM_CONVERSION = YES;
				CLANG_WARN_INFINITE_RECURSION = YES;
				CLANG_WARN_INT_CONVERSION = YES;
				CLANG_WARN_NON_LITERAL_NULL_CONVERSION = YES;
				CLANG_WARN_OBJC_IMPLICIT_RETAIN_SELF = YES;
				CLANG_WARN_OBJC_LITERAL_CONVERSION = YES;
				CLANG_WARN_OBJC_ROOT_CLASS = YES_ERROR;
				CLANG_WARN_QUOTED_INCLUDE_IN_FRAMEWORK_HEADER = YES;
				CLANG_WARN_RANGE_LOOP_ANALYSIS = YES;
				CLANG_WARN_STRICT_PROTOTYPES = YES;
				CLANG_WARN_SUSPICIOUS_MOVE = YES;
				CLANG_WARN_UNGUARDED_AVAILABILITY = YES_AGGRESSIVE;
				CLANG_WARN_UNREACHABLE_CODE = YES;
				CLANG_WARN__DUPLICATE_METHOD_MATCH = YES;
				COPY_PHASE_STRIP = NO;
				DEBUG_INFORMATION_FORMAT = dwarf;
				ENABLE_STRICT_OBJC_MSGSEND = YES;
				ENABLE_TESTABILITY = YES;
				GCC_C_LANGUAGE_STANDARD = gnu11;
				GCC_DYNAMIC_NO_PIC = NO;
				GCC_NO_COMMON_BLOCKS = YES;
				GCC_OPTIMIZATION_LEVEL = 0;
				GCC_PREPROCESSOR_DEFINITIONS = (
					"DEBUG=1",
					"$(inherited)",
				);
				GCC_WARN_64_TO_32_BIT_CONVERSION = YES;
				GCC_WARN_ABOUT_RETURN_TYPE = YES_ERROR;
				GCC_WARN_UNDECLARED_SELECTOR = YES;
				GCC_WARN_UNINITIALIZED_AUTOS = YES_AGGRESSIVE;
				GCC_WARN_UNUSED_FUNCTION = YES;
				GCC_WARN_UNUSED_VARIABLE = YES;
				IPHONEOS_DEPLOYMENT_TARGET = 16.0;
				MTL_ENABLE_DEBUG_INFO = INCLUDE_SOURCE;
				MTL_FAST_MATH = YES;
				ONLY_ACTIVE_ARCH = YES;
				SDKROOT = iphoneos;
			};
			name = Debug;
		};
		2D410D2728F272B9009593AE /* Release */ = {
			isa = XCBuildConfiguration;
			buildSettings = {
				ALWAYS_SEARCH_USER_PATHS = NO;
				CLANG_ANALYZER_NONNULL = YES;
				CLANG_ANALYZER_NUMBER_OBJECT_CONVERSION = YES_AGGRESSIVE;
				CLANG_CXX_LANGUAGE_STANDARD = "gnu++20";
				CLANG_ENABLE_MODULES = YES;
				CLANG_ENABLE_OBJC_ARC = YES;
				CLANG_ENABLE_OBJC_WEAK = YES;
				CLANG_WARN_BLOCK_CAPTURE_AUTORELEASING = YES;
				CLANG_WARN_BOOL_CONVERSION = YES;
				CLANG_WARN_COMMA = YES;
				CLANG_WARN_CONSTANT_CONVERSION = YES;
				CLANG_WARN_DEPRECATED_OBJC_IMPLEMENTATIONS = YES;
				CLANG_WARN_DIRECT_OBJC_ISA_USAGE = YES_ERROR;
				CLANG_WARN_DOCUMENTATION_COMMENTS = YES;
				CLANG_WARN_EMPTY_BODY = YES;
				CLANG_WARN_ENUM_CONVERSION = YES;
				CLANG_WARN_INFINITE_RECURSION = YES;
				CLANG_WARN_INT_CONVERSION = YES;
				CLANG_WARN_NON_LITERAL_NULL_CONVERSION = YES;
				CLANG_WARN_OBJC_IMPLICIT_RETAIN_SELF = YES;
				CLANG_WARN_OBJC_LITERAL_CONVERSION = YES;
				CLANG_WARN_OBJC_ROOT_CLASS = YES_ERROR;
				CLANG_WARN_QUOTED_INCLUDE_IN_FRAMEWORK_HEADER = YES;
				CLANG_WARN_RANGE_LOOP_ANALYSIS = YES;
				CLANG_WARN_STRICT_PROTOTYPES = YES;
				CLANG_WARN_SUSPICIOUS_MOVE = YES;
				CLANG_WARN_UNGUARDED_AVAILABILITY = YES_AGGRESSIVE;
				CLANG_WARN_UNREACHABLE_CODE = YES;
				CLANG_WARN__DUPLICATE_METHOD_MATCH = YES;
				COPY_PHASE_STRIP = NO;
				DEBUG_INFORMATION_FORMAT = "dwarf-with-dsym";
				ENABLE_NS_ASSERTIONS = NO;
				ENABLE_STRICT_OBJC_MSGSEND = YES;
				GCC_C_LANGUAGE_STANDARD = gnu11;
				GCC_NO_COMMON_BLOCKS = YES;
				GCC_WARN_64_TO_32_BIT_CONVERSION = YES;
				GCC_WARN_ABOUT_RETURN_TYPE = YES_ERROR;
				GCC_WARN_UNDECLARED_SELECTOR = YES;
				GCC_WARN_UNINITIALIZED_AUTOS = YES_AGGRESSIVE;
				GCC_WARN_UNUSED_FUNCTION = YES;
				GCC_WARN_UNUSED_VARIABLE = YES;
				IPHONEOS_DEPLOYMENT_TARGET = 16.0;
				MTL_ENABLE_DEBUG_INFO = NO;
				MTL_FAST_MATH = YES;
				SDKROOT = iphoneos;
				VALIDATE_PRODUCT = YES;
			};
			name = Release;
		};
		2D410D2928F272B9009593AE /* Debug */ = {
			isa = XCBuildConfiguration;
			baseConfigurationReference = 4EC4271BA289A1A17570F5CE /* Pods-MyTest.debug.xcconfig */;
			buildSettings = {
				ASSETCATALOG_COMPILER_APPICON_NAME = AppIcon;
				ASSETCATALOG_COMPILER_GLOBAL_ACCENT_COLOR_NAME = AccentColor;
				CODE_SIGN_STYLE = Automatic;
				CURRENT_PROJECT_VERSION = 1;
				DEVELOPMENT_TEAM = P2A98DA7PQ;
				ENABLE_BITCODE = NO;
				GENERATE_INFOPLIST_FILE = YES;
				HEADER_SEARCH_PATHS = /Users/wesson/Desktop/MyTest/MyTest/ffmpeg/include;
				INFOPLIST_FILE = MyTest/Info.plist;
				INFOPLIST_KEY_UIApplicationSupportsIndirectInputEvents = YES;
				INFOPLIST_KEY_UILaunchStoryboardName = LaunchScreen;
				INFOPLIST_KEY_UIMainStoryboardFile = "";
				INFOPLIST_KEY_UISupportedInterfaceOrientations_iPad = "UIInterfaceOrientationPortrait UIInterfaceOrientationPortraitUpsideDown UIInterfaceOrientationLandscapeLeft UIInterfaceOrientationLandscapeRight";
				INFOPLIST_KEY_UISupportedInterfaceOrientations_iPhone = "UIInterfaceOrientationPortrait UIInterfaceOrientationLandscapeLeft UIInterfaceOrientationLandscapeRight";
				IPHONEOS_DEPLOYMENT_TARGET = 15.0;
				LD_RUNPATH_SEARCH_PATHS = (
					"$(inherited)",
					"@executable_path/Frameworks",
				);
				LIBRARY_SEARCH_PATHS = (
					"$(inherited)",
					"$(PROJECT_DIR)/MyTest/ffmpeg/lib",
					"$(PROJECT_DIR)/MyTest/FFmpeg-iOS/lib",
				);
				MARKETING_VERSION = 1.0;
				PRODUCT_BUNDLE_IDENTIFIER = wesson.MyTest;
				PRODUCT_NAME = "$(TARGET_NAME)";
				SWIFT_EMIT_LOC_STRINGS = YES;
				TARGETED_DEVICE_FAMILY = "1,2";
				USER_HEADER_SEARCH_PATHS = /Users/wesson/Desktop/MyTest/MyTest/ffmpeg/include;
			};
			name = Debug;
		};
		2D410D2A28F272B9009593AE /* Release */ = {
			isa = XCBuildConfiguration;
			baseConfigurationReference = E39E33CE62F70A082D95CF9F /* Pods-MyTest.release.xcconfig */;
			buildSettings = {
				ASSETCATALOG_COMPILER_APPICON_NAME = AppIcon;
				ASSETCATALOG_COMPILER_GLOBAL_ACCENT_COLOR_NAME = AccentColor;
				CODE_SIGN_STYLE = Automatic;
				CURRENT_PROJECT_VERSION = 1;
				DEVELOPMENT_TEAM = P2A98DA7PQ;
				ENABLE_BITCODE = NO;
				GENERATE_INFOPLIST_FILE = YES;
				HEADER_SEARCH_PATHS = /Users/wesson/Desktop/MyTest/MyTest/ffmpeg/include;
				INFOPLIST_FILE = MyTest/Info.plist;
				INFOPLIST_KEY_UIApplicationSupportsIndirectInputEvents = YES;
				INFOPLIST_KEY_UILaunchStoryboardName = LaunchScreen;
				INFOPLIST_KEY_UIMainStoryboardFile = "";
				INFOPLIST_KEY_UISupportedInterfaceOrientations_iPad = "UIInterfaceOrientationPortrait UIInterfaceOrientationPortraitUpsideDown UIInterfaceOrientationLandscapeLeft UIInterfaceOrientationLandscapeRight";
				INFOPLIST_KEY_UISupportedInterfaceOrientations_iPhone = "UIInterfaceOrientationPortrait UIInterfaceOrientationLandscapeLeft UIInterfaceOrientationLandscapeRight";
				IPHONEOS_DEPLOYMENT_TARGET = 15.0;
				LD_RUNPATH_SEARCH_PATHS = (
					"$(inherited)",
					"@executable_path/Frameworks",
				);
				LIBRARY_SEARCH_PATHS = (
					"$(inherited)",
					"$(PROJECT_DIR)/MyTest/ffmpeg/lib",
					"$(PROJECT_DIR)/MyTest/FFmpeg-iOS/lib",
				);
				MARKETING_VERSION = 1.0;
				PRODUCT_BUNDLE_IDENTIFIER = wesson.MyTest;
				PRODUCT_NAME = "$(TARGET_NAME)";
				SWIFT_EMIT_LOC_STRINGS = YES;
				TARGETED_DEVICE_FAMILY = "1,2";
				USER_HEADER_SEARCH_PATHS = /Users/wesson/Desktop/MyTest/MyTest/ffmpeg/include;
			};
			name = Release;
		};
		2D410D2C28F272B9009593AE /* Debug */ = {
			isa = XCBuildConfiguration;
			baseConfigurationReference = 8AE3E9205A5D98A4A957908D /* Pods-MyTestTests.debug.xcconfig */;
			buildSettings = {
				BUNDLE_LOADER = "$(TEST_HOST)";
				CODE_SIGN_STYLE = Automatic;
				CURRENT_PROJECT_VERSION = 1;
				GENERATE_INFOPLIST_FILE = YES;
				IPHONEOS_DEPLOYMENT_TARGET = 16.0;
				MARKETING_VERSION = 1.0;
				PRODUCT_BUNDLE_IDENTIFIER = wesson.MyTestTests;
				PRODUCT_NAME = "$(TARGET_NAME)";
				SWIFT_EMIT_LOC_STRINGS = NO;
				TARGETED_DEVICE_FAMILY = "1,2";
				TEST_HOST = "$(BUILT_PRODUCTS_DIR)/MyTest.app/$(BUNDLE_EXECUTABLE_FOLDER_PATH)/MyTest";
			};
			name = Debug;
		};
		2D410D2D28F272B9009593AE /* Release */ = {
			isa = XCBuildConfiguration;
			baseConfigurationReference = D14173ECF86BD210D296AFFF /* Pods-MyTestTests.release.xcconfig */;
			buildSettings = {
				BUNDLE_LOADER = "$(TEST_HOST)";
				CODE_SIGN_STYLE = Automatic;
				CURRENT_PROJECT_VERSION = 1;
				GENERATE_INFOPLIST_FILE = YES;
				IPHONEOS_DEPLOYMENT_TARGET = 16.0;
				MARKETING_VERSION = 1.0;
				PRODUCT_BUNDLE_IDENTIFIER = wesson.MyTestTests;
				PRODUCT_NAME = "$(TARGET_NAME)";
				SWIFT_EMIT_LOC_STRINGS = NO;
				TARGETED_DEVICE_FAMILY = "1,2";
				TEST_HOST = "$(BUILT_PRODUCTS_DIR)/MyTest.app/$(BUNDLE_EXECUTABLE_FOLDER_PATH)/MyTest";
			};
			name = Release;
		};
		2D410D2F28F272B9009593AE /* Debug */ = {
			isa = XCBuildConfiguration;
			baseConfigurationReference = 87ADDBD28FF3B737A594E81C /* Pods-MyTest-MyTestUITests.debug.xcconfig */;
			buildSettings = {
				CODE_SIGN_STYLE = Automatic;
				CURRENT_PROJECT_VERSION = 1;
				GENERATE_INFOPLIST_FILE = YES;
				MARKETING_VERSION = 1.0;
				PRODUCT_BUNDLE_IDENTIFIER = wesson.MyTestUITests;
				PRODUCT_NAME = "$(TARGET_NAME)";
				SWIFT_EMIT_LOC_STRINGS = NO;
				TARGETED_DEVICE_FAMILY = "1,2";
				TEST_TARGET_NAME = MyTest;
			};
			name = Debug;
		};
		2D410D3028F272B9009593AE /* Release */ = {
			isa = XCBuildConfiguration;
			baseConfigurationReference = 6E15B032E4FF9359AF7F60A8 /* Pods-MyTest-MyTestUITests.release.xcconfig */;
			buildSettings = {
				CODE_SIGN_STYLE = Automatic;
				CURRENT_PROJECT_VERSION = 1;
				GENERATE_INFOPLIST_FILE = YES;
				MARKETING_VERSION = 1.0;
				PRODUCT_BUNDLE_IDENTIFIER = wesson.MyTestUITests;
				PRODUCT_NAME = "$(TARGET_NAME)";
				SWIFT_EMIT_LOC_STRINGS = NO;
				TARGETED_DEVICE_FAMILY = "1,2";
				TEST_TARGET_NAME = MyTest;
			};
			name = Release;
		};
/* End XCBuildConfiguration section */

/* Begin XCConfigurationList section */
		2D410CF428F272B8009593AE /* Build configuration list for PBXProject "MyTest" */ = {
			isa = XCConfigurationList;
			buildConfigurations = (
				2D410D2628F272B9009593AE /* Debug */,
				2D410D2728F272B9009593AE /* Release */,
			);
			defaultConfigurationIsVisible = 0;
			defaultConfigurationName = Release;
		};
		2D410D2828F272B9009593AE /* Build configuration list for PBXNativeTarget "MyTest" */ = {
			isa = XCConfigurationList;
			buildConfigurations = (
				2D410D2928F272B9009593AE /* Debug */,
				2D410D2A28F272B9009593AE /* Release */,
			);
			defaultConfigurationIsVisible = 0;
			defaultConfigurationName = Release;
		};
		2D410D2B28F272B9009593AE /* Build configuration list for PBXNativeTarget "MyTestTests" */ = {
			isa = XCConfigurationList;
			buildConfigurations = (
				2D410D2C28F272B9009593AE /* Debug */,
				2D410D2D28F272B9009593AE /* Release */,
			);
			defaultConfigurationIsVisible = 0;
			defaultConfigurationName = Release;
		};
		2D410D2E28F272B9009593AE /* Build configuration list for PBXNativeTarget "MyTestUITests" */ = {
			isa = XCConfigurationList;
			buildConfigurations = (
				2D410D2F28F272B9009593AE /* Debug */,
				2D410D3028F272B9009593AE /* Release */,
			);
			defaultConfigurationIsVisible = 0;
			defaultConfigurationName = Release;
		};
/* End XCConfigurationList section */
	};
	rootObject = 2D410CF128F272B8009593AE /* Project object */;
}
